
Microsoft Visual Studio Solution File, Format Version 11.00
# Visual Studio 2010
Project("{FAE04EC0-301F-11D3-BF4B-00C04F79EFBC}") = "sw", "sw.csproj", "{C8EE6648-AB2C-404E-897A-6CB94E88216F}"
EndProject
Global
	GlobalSection(SolutionConfigurationPlatforms) = preSolution
		Debug|Any CPU = Debug|Any CPU
		Release|Any CPU = Release|Any CPU
	EndGlobalSection
	GlobalSection(ProjectConfigurationPlatforms) = postSolution
		{C8EE6648-AB2C-404E-897A-6CB94E88216F}.Debug|Any CPU.ActiveCfg = Debug|Any CPU
		{C8EE6648-AB2C-404E-897A-6CB94E88216F}.Debug|Any CPU.Build.0 = Debug|Any CPU
		{C8EE6648-AB2C-404E-897A-6CB94E88216F}.Release|Any CPU.ActiveCfg = Release|Any CPU
		{C8EE6648-AB2C-404E-897A-6CB94E88216F}.Release|Any CPU.Build.0 = Release|Any CPU
	EndGlobalSection
	GlobalSection(SolutionProperties) = preSolution
		HideSolutionNode = FALSE
	EndGlobalSection
EndGlobal
